Microsoft Visual Studio Solution File, Format Version 11.00
# Visual Studio 2008

Project("{2A76C0E5-DE22-6ED2-455A-57856B9A0CC8}") = "DesertFox", "Assembly-CSharp-vs.csproj", "{BDEE8B49-6B7F-99FB-E44C-CE3ACD367A17}"
EndProject
Global
	GlobalSection(SolutionConfigurationPlatforms) = preSolution
		Debug|Any CPU = Debug|Any CPU
		Release|Any CPU = Release|Any CPU
	EndGlobalSection
	GlobalSection(ProjectConfigurationPlatforms) = postSolution
		{BDEE8B49-6B7F-99FB-E44C-CE3ACD367A17}.Debug|Any CPU.ActiveCfg = Debug|Any CPU
		{BDEE8B49-6B7F-99FB-E44C-CE3ACD367A17}.Debug|Any CPU.Build.0 = Debug|Any CPU
		{BDEE8B49-6B7F-99FB-E44C-CE3ACD367A17}.Release|Any CPU.ActiveCfg = Release|Any CPU
		{BDEE8B49-6B7F-99FB-E44C-CE3ACD367A17}.Release|Any CPU.Build.0 = Release|Any CPU
	EndGlobalSection
	GlobalSection(SolutionProperties) = preSolution
		HideSolutionNode = FALSE
	EndGlobalSection
		GlobalSection(MonoDevelopProperties) = preSolution
		StartupItem = Assembly-CSharp.csproj
		Policies = $0
		$0.TextStylePolicy = $1
		$1.inheritsSet = null
		$1.scope = text/x-csharp
		$0.CSharpFormattingPolicy = $2
		$2.inheritsSet = Mono
		$2.inheritsScope = text/x-csharp
		$2.scope = text/x-csharp
		$0.TextStylePolicy = $3
		$3.FileWidth = 120
		$3.TabWidth = 4
		$3.EolMarker = Unix
		$3.inheritsSet = Mono
		$3.inheritsScope = text/plain
		$3.scope = text/plain
	EndGlobalSection

EndGlobal
